
Microsoft Visual Studio Solution File, Format Version 12.00
# Visual Studio Version 17
VisualStudioVersion = 17.13.35828.75 d17.13
MinimumVisualStudioVersion = 10.0.40219.1
Project("{FAE04EC0-301F-11D3-BF4B-00C04F79EFBC}") = "TechShop", "TechShop\TechShop.csproj", "{3DAFA516-A5E8-4996-81F6-C1F861CBA69A}"
EndProject
Global
	GlobalSection(SolutionConfigurationPlatforms) = preSolution
		Debug|Any CPU = Debug|Any CPU
		Release|Any CPU = Release|Any CPU
	EndGlobalSection
	GlobalSection(ProjectConfigurationPlatforms) = postSolution
		{3DAFA516-A5E8-4996-81F6-C1F861CBA69A}.Debug|Any CPU.ActiveCfg = Debug|Any CPU
		{3DAFA516-A5E8-4996-81F6-C1F861CBA69A}.Debug|Any CPU.Build.0 = Debug|Any CPU
		{3DAFA516-A5E8-4996-81F6-C1F861CBA69A}.Release|Any CPU.ActiveCfg = Release|Any CPU
		{3DAFA516-A5E8-4996-81F6-C1F861CBA69A}.Release|Any CPU.Build.0 = Release|Any CPU
	EndGlobalSection
	GlobalSection(SolutionProperties) = preSolution
		HideSolutionNode = FALSE
	EndGlobalSection
	GlobalSection(ExtensibilityGlobals) = postSolution
		SolutionGuid = {81716209-0EDB-47C3-9628-FAE2BA8BA5A4}
	EndGlobalSection
EndGlobal
